
Microsoft Visual Studio Solution File, Format Version 12.00
# Visual Studio 2012
Project("{FAE04EC0-301F-11D3-BF4B-00C04F79EFBC}") = "FodyEqualsFailExample", "FodyEqualsFailExample\FodyEqualsFailExample.csproj", "{80B27A91-01D9-4C7F-A5DB-147F165699EA}"
EndProject
Project("{FAE04EC0-301F-11D3-BF4B-00C04F79EFBC}") = "AnotherAssembly", "AnotherAssembly\AnotherAssembly.csproj", "{5DD10A13-848F-4ED7-9D80-68881C63A72E}"
EndProject
Global
	GlobalSection(SolutionConfigurationPlatforms) = preSolution
		Debug|Any CPU = Debug|Any CPU
		Release|Any CPU = Release|Any CPU
	EndGlobalSection
	GlobalSection(ProjectConfigurationPlatforms) = postSolution
		{80B27A91-01D9-4C7F-A5DB-147F165699EA}.Debug|Any CPU.ActiveCfg = Debug|Any CPU
		{80B27A91-01D9-4C7F-A5DB-147F165699EA}.Debug|Any CPU.Build.0 = Debug|Any CPU
		{80B27A91-01D9-4C7F-A5DB-147F165699EA}.Release|Any CPU.ActiveCfg = Release|Any CPU
		{80B27A91-01D9-4C7F-A5DB-147F165699EA}.Release|Any CPU.Build.0 = Release|Any CPU
		{5DD10A13-848F-4ED7-9D80-68881C63A72E}.Debug|Any CPU.ActiveCfg = Debug|Any CPU
		{5DD10A13-848F-4ED7-9D80-68881C63A72E}.Debug|Any CPU.Build.0 = Debug|Any CPU
		{5DD10A13-848F-4ED7-9D80-68881C63A72E}.Release|Any CPU.ActiveCfg = Release|Any CPU
		{5DD10A13-848F-4ED7-9D80-68881C63A72E}.Release|Any CPU.Build.0 = Release|Any CPU
	EndGlobalSection
	GlobalSection(SolutionProperties) = preSolution
		HideSolutionNode = FALSE
	EndGlobalSection
EndGlobal
